
Microsoft Visual Studio Solution File, Format Version 12.00
# Visual Studio 14
VisualStudioVersion = 14.0.25420.1
MinimumVisualStudioVersion = 10.0.40219.1
Project("{FAE04EC0-301F-11D3-BF4B-00C04F79EFBC}") = "test", "test\test\test.csproj", "{9A0024D9-D27F-4E19-8843-D8DEDBC0E0AB}"
EndProject
Project("{FAE04EC0-301F-11D3-BF4B-00C04F79EFBC}") = "Entity", "Models\Entity.csproj", "{CC2CA4D0-7ABC-4BC3-9DFB-FF8240D36576}"
EndProject
Project("{FAE04EC0-301F-11D3-BF4B-00C04F79EFBC}") = "DALFactory", "DALFactory\DALFactory.csproj", "{5BF98AB0-7FD4-4F1C-871B-A6F84EFA0804}"
EndProject
Project("{FAE04EC0-301F-11D3-BF4B-00C04F79EFBC}") = "IDAL", "IDAL\IDAL.csproj", "{A67A81C9-91EC-4355-A982-B4D897015D46}"
EndProject
Project("{FAE04EC0-301F-11D3-BF4B-00C04F79EFBC}") = "DAL", "DAL\DAL.csproj", "{B42A2FE3-F934-4E87-8494-0FCA54527CA6}"
EndProject
Project("{FAE04EC0-301F-11D3-BF4B-00C04F79EFBC}") = "Common", "Common\Common.csproj", "{3B7DC189-2CCD-47DF-82C4-12CA7CD6D841}"
EndProject
Project("{FAE04EC0-301F-11D3-BF4B-00C04F79EFBC}") = "BLL", "BLL\BLL.csproj", "{9EE85EA2-307F-40B6-BAB2-ACBEE7432CE2}"
EndProject
Project("{FAE04EC0-301F-11D3-BF4B-00C04F79EFBC}") = "BLL2", "BLL2\BLL2.csproj", "{8675394E-04B0-470F-97DD-E28190BEAB6C}"
EndProject
Project("{E24C65DC-7377-472B-9ABA-BC803B73C61A}") = "CompanyWeb", "CompanyWeb\", "{E0AFB302-9F88-4840-9410-6D7264F068D9}"
	ProjectSection(WebsiteProperties) = preProject
		TargetFrameworkMoniker = ".NETFramework,Version%3Dv3.5"
		Debug.AspNetCompiler.VirtualPath = "/localhost_62845"
		Debug.AspNetCompiler.PhysicalPath = "CompanyWeb\"
		Debug.AspNetCompiler.TargetPath = "PrecompiledWeb\localhost_62845\"
		Debug.AspNetCompiler.Updateable = "true"
		Debug.AspNetCompiler.ForceOverwrite = "true"
		Debug.AspNetCompiler.FixedNames = "false"
		Debug.AspNetCompiler.Debug = "True"
		Release.AspNetCompiler.VirtualPath = "/localhost_62845"
		Release.AspNetCompiler.PhysicalPath = "CompanyWeb\"
		Release.AspNetCompiler.TargetPath = "PrecompiledWeb\localhost_62845\"
		Release.AspNetCompiler.Updateable = "true"
		Release.AspNetCompiler.ForceOverwrite = "true"
		Release.AspNetCompiler.FixedNames = "false"
		Release.AspNetCompiler.Debug = "False"
		VWDPort = "62845"
		SlnRelativePath = "CompanyWeb\"
	EndProjectSection
EndProject
Project("{FAE04EC0-301F-11D3-BF4B-00C04F79EFBC}") = "AutoUpdateClient", "AutoUpdateClient\AutoUpdateClient.csproj", "{4C9797A1-FD75-4409-8B85-7478AA8E8B62}"
EndProject
Project("{FAE04EC0-301F-11D3-BF4B-00C04F79EFBC}") = "TimelyReminder", "TimelyReminder\TimelyReminder.csproj", "{46191233-3D0E-4170-891E-F935B322D706}"
EndProject
Project("{FAE04EC0-301F-11D3-BF4B-00C04F79EFBC}") = "Words", "words\Words.csproj", "{27367B19-C4A4-424D-8FD7-FBD31883993C}"
EndProject
Project("{FAE04EC0-301F-11D3-BF4B-00C04F79EFBC}") = "Operation", "Operation\Operation.csproj", "{5B661EFD-EE0D-4323-9540-F7ABC0AA017E}"
EndProject
Global
	GlobalSection(SolutionConfigurationPlatforms) = preSolution
		Debug|Any CPU = Debug|Any CPU
		Debug|x64 = Debug|x64
		Debug|x86 = Debug|x86
		Release|Any CPU = Release|Any CPU
		Release|x64 = Release|x64
		Release|x86 = Release|x86
	EndGlobalSection
	GlobalSection(ProjectConfigurationPlatforms) = postSolution
		{9A0024D9-D27F-4E19-8843-D8DEDBC0E0AB}.Debug|Any CPU.ActiveCfg = Debug|Any CPU
		{9A0024D9-D27F-4E19-8843-D8DEDBC0E0AB}.Debug|Any CPU.Build.0 = Debug|Any CPU
		{9A0024D9-D27F-4E19-8843-D8DEDBC0E0AB}.Debug|x64.ActiveCfg = Debug|Any CPU
		{9A0024D9-D27F-4E19-8843-D8DEDBC0E0AB}.Debug|x64.Build.0 = Debug|Any CPU
		{9A0024D9-D27F-4E19-8843-D8DEDBC0E0AB}.Debug|x86.ActiveCfg = Debug|Any CPU
		{9A0024D9-D27F-4E19-8843-D8DEDBC0E0AB}.Debug|x86.Build.0 = Debug|Any CPU
		{9A0024D9-D27F-4E19-8843-D8DEDBC0E0AB}.Release|Any CPU.ActiveCfg = Release|Any CPU
		{9A0024D9-D27F-4E19-8843-D8DEDBC0E0AB}.Release|Any CPU.Build.0 = Release|Any CPU
		{9A0024D9-D27F-4E19-8843-D8DEDBC0E0AB}.Release|x64.ActiveCfg = Release|Any CPU
		{9A0024D9-D27F-4E19-8843-D8DEDBC0E0AB}.Release|x64.Build.0 = Release|Any CPU
		{9A0024D9-D27F-4E19-8843-D8DEDBC0E0AB}.Release|x86.ActiveCfg = Release|Any CPU
		{9A0024D9-D27F-4E19-8843-D8DEDBC0E0AB}.Release|x86.Build.0 = Release|Any CPU
		{CC2CA4D0-7ABC-4BC3-9DFB-FF8240D36576}.Debug|Any CPU.ActiveCfg = Debug|Any CPU
		{CC2CA4D0-7ABC-4BC3-9DFB-FF8240D36576}.Debug|Any CPU.Build.0 = Debug|Any CPU
		{CC2CA4D0-7ABC-4BC3-9DFB-FF8240D36576}.Debug|x64.ActiveCfg = Debug|Any CPU
		{CC2CA4D0-7ABC-4BC3-9DFB-FF8240D36576}.Debug|x64.Build.0 = Debug|Any CPU
		{CC2CA4D0-7ABC-4BC3-9DFB-FF8240D36576}.Debug|x86.ActiveCfg = Debug|Any CPU
		{CC2CA4D0-7ABC-4BC3-9DFB-FF8240D36576}.Debug|x86.Build.0 = Debug|Any CPU
		{CC2CA4D0-7ABC-4BC3-9DFB-FF8240D36576}.Release|Any CPU.ActiveCfg = Release|Any CPU
		{CC2CA4D0-7ABC-4BC3-9DFB-FF8240D36576}.Release|Any CPU.Build.0 = Release|Any CPU
		{CC2CA4D0-7ABC-4BC3-9DFB-FF8240D36576}.Release|x64.ActiveCfg = Release|Any CPU
		{CC2CA4D0-7ABC-4BC3-9DFB-FF8240D36576}.Release|x64.Build.0 = Release|Any CPU
		{CC2CA4D0-7ABC-4BC3-9DFB-FF8240D36576}.Release|x86.ActiveCfg = Release|Any CPU
		{CC2CA4D0-7ABC-4BC3-9DFB-FF8240D36576}.Release|x86.Build.0 = Release|Any CPU
		{5BF98AB0-7FD4-4F1C-871B-A6F84EFA0804}.Debug|Any CPU.ActiveCfg = Debug|Any CPU
		{5BF98AB0-7FD4-4F1C-871B-A6F84EFA0804}.Debug|Any CPU.Build.0 = Debug|Any CPU
		{5BF98AB0-7FD4-4F1C-871B-A6F84EFA0804}.Debug|x64.ActiveCfg = Debug|Any CPU
		{5BF98AB0-7FD4-4F1C-871B-A6F84EFA0804}.Debug|x64.Build.0 = Debug|Any CPU
		{5BF98AB0-7FD4-4F1C-871B-A6F84EFA0804}.Debug|x86.ActiveCfg = Debug|Any CPU
		{5BF98AB0-7FD4-4F1C-871B-A6F84EFA0804}.Debug|x86.Build.0 = Debug|Any CPU
		{5BF98AB0-7FD4-4F1C-871B-A6F84EFA0804}.Release|Any CPU.ActiveCfg = Release|Any CPU
		{5BF98AB0-7FD4-4F1C-871B-A6F84EFA0804}.Release|Any CPU.Build.0 = Release|Any CPU
		{5BF98AB0-7FD4-4F1C-871B-A6F84EFA0804}.Release|x64.ActiveCfg = Release|Any CPU
		{5BF98AB0-7FD4-4F1C-871B-A6F84EFA0804}.Release|x64.Build.0 = Release|Any CPU
		{5BF98AB0-7FD4-4F1C-871B-A6F84EFA0804}.Release|x86.ActiveCfg = Release|Any CPU
		{5BF98AB0-7FD4-4F1C-871B-A6F84EFA0804}.Release|x86.Build.0 = Release|Any CPU
		{A67A81C9-91EC-4355-A982-B4D897015D46}.Debug|Any CPU.ActiveCfg = Debug|Any CPU
		{A67A81C9-91EC-4355-A982-B4D897015D46}.Debug|Any CPU.Build.0 = Debug|Any CPU
		{A67A81C9-91EC-4355-A982-B4D897015D46}.Debug|x64.ActiveCfg = Debug|Any CPU
		{A67A81C9-91EC-4355-A982-B4D897015D46}.Debug|x64.Build.0 = Debug|Any CPU
		{A67A81C9-91EC-4355-A982-B4D897015D46}.Debug|x86.ActiveCfg = Debug|Any CPU
		{A67A81C9-91EC-4355-A982-B4D897015D46}.Debug|x86.Build.0 = Debug|Any CPU
		{A67A81C9-91EC-4355-A982-B4D897015D46}.Release|Any CPU.ActiveCfg = Release|Any CPU
		{A67A81C9-91EC-4355-A982-B4D897015D46}.Release|Any CPU.Build.0 = Release|Any CPU
		{A67A81C9-91EC-4355-A982-B4D897015D46}.Release|x64.ActiveCfg = Release|Any CPU
		{A67A81C9-91EC-4355-A982-B4D897015D46}.Release|x64.Build.0 = Release|Any CPU
		{A67A81C9-91EC-4355-A982-B4D897015D46}.Release|x86.ActiveCfg = Release|Any CPU
		{A67A81C9-91EC-4355-A982-B4D897015D46}.Release|x86.Build.0 = Release|Any CPU
		{B42A2FE3-F934-4E87-8494-0FCA54527CA6}.Debug|Any CPU.ActiveCfg = Debug|Any CPU
		{B42A2FE3-F934-4E87-8494-0FCA54527CA6}.Debug|Any CPU.Build.0 = Debug|Any CPU
		{B42A2FE3-F934-4E87-8494-0FCA54527CA6}.Debug|x64.ActiveCfg = Debug|Any CPU
		{B42A2FE3-F934-4E87-8494-0FCA54527CA6}.Debug|x64.Build.0 = Debug|Any CPU
		{B42A2FE3-F934-4E87-8494-0FCA54527CA6}.Debug|x86.ActiveCfg = Debug|Any CPU
		{B42A2FE3-F934-4E87-8494-0FCA54527CA6}.Debug|x86.Build.0 = Debug|Any CPU
		{B42A2FE3-F934-4E87-8494-0FCA54527CA6}.Release|Any CPU.ActiveCfg = Release|Any CPU
		{B42A2FE3-F934-4E87-8494-0FCA54527CA6}.Release|Any CPU.Build.0 = Release|Any CPU
		{B42A2FE3-F934-4E87-8494-0FCA54527CA6}.Release|x64.ActiveCfg = Release|Any CPU
		{B42A2FE3-F934-4E87-8494-0FCA54527CA6}.Release|x64.Build.0 = Release|Any CPU
		{B42A2FE3-F934-4E87-8494-0FCA54527CA6}.Release|x86.ActiveCfg = Release|Any CPU
		{B42A2FE3-F934-4E87-8494-0FCA54527CA6}.Release|x86.Build.0 = Release|Any CPU
		{3B7DC189-2CCD-47DF-82C4-12CA7CD6D841}.Debug|Any CPU.ActiveCfg = Debug|Any CPU
		{3B7DC189-2CCD-47DF-82C4-12CA7CD6D841}.Debug|Any CPU.Build.0 = Debug|Any CPU
		{3B7DC189-2CCD-47DF-82C4-12CA7CD6D841}.Debug|x64.ActiveCfg = Debug|Any CPU
		{3B7DC189-2CCD-47DF-82C4-12CA7CD6D841}.Debug|x64.Build.0 = Debug|Any CPU
		{3B7DC189-2CCD-47DF-82C4-12CA7CD6D841}.Debug|x86.ActiveCfg = Debug|Any CPU
		{3B7DC189-2CCD-47DF-82C4-12CA7CD6D841}.Debug|x86.Build.0 = Debug|Any CPU
		{3B7DC189-2CCD-47DF-82C4-12CA7CD6D841}.Release|Any CPU.ActiveCfg = Release|Any CPU
		{3B7DC189-2CCD-47DF-82C4-12CA7CD6D841}.Release|Any CPU.Build.0 = Release|Any CPU
		{3B7DC189-2CCD-47DF-82C4-12CA7CD6D841}.Release|x64.ActiveCfg = Release|Any CPU
		{3B7DC189-2CCD-47DF-82C4-12CA7CD6D841}.Release|x64.Build.0 = Release|Any CPU
		{3B7DC189-2CCD-47DF-82C4-12CA7CD6D841}.Release|x86.ActiveCfg = Release|Any CPU
		{3B7DC189-2CCD-47DF-82C4-12CA7CD6D841}.Release|x86.Build.0 = Release|Any CPU
		{9EE85EA2-307F-40B6-BAB2-ACBEE7432CE2}.Debug|Any CPU.ActiveCfg = Debug|Any CPU
		{9EE85EA2-307F-40B6-BAB2-ACBEE7432CE2}.Debug|Any CPU.Build.0 = Debug|Any CPU
		{9EE85EA2-307F-40B6-BAB2-ACBEE7432CE2}.Debug|x64.ActiveCfg = Debug|Any CPU
		{9EE85EA2-307F-40B6-BAB2-ACBEE7432CE2}.Debug|x64.Build.0 = Debug|Any CPU
		{9EE85EA2-307F-40B6-BAB2-ACBEE7432CE2}.Debug|x86.ActiveCfg = Debug|Any CPU
		{9EE85EA2-307F-40B6-BAB2-ACBEE7432CE2}.Debug|x86.Build.0 = Debug|Any CPU
		{9EE85EA2-307F-40B6-BAB2-ACBEE7432CE2}.Release|Any CPU.ActiveCfg = Release|Any CPU
		{9EE85EA2-307F-40B6-BAB2-ACBEE7432CE2}.Release|Any CPU.Build.0 = Release|Any CPU
		{9EE85EA2-307F-40B6-BAB2-ACBEE7432CE2}.Release|x64.ActiveCfg = Release|Any CPU
		{9EE85EA2-307F-40B6-BAB2-ACBEE7432CE2}.Release|x64.Build.0 = Release|Any CPU
		{9EE85EA2-307F-40B6-BAB2-ACBEE7432CE2}.Release|x86.ActiveCfg = Release|Any CPU
		{9EE85EA2-307F-40B6-BAB2-ACBEE7432CE2}.Release|x86.Build.0 = Release|Any CPU
		{8675394E-04B0-470F-97DD-E28190BEAB6C}.Debug|Any CPU.ActiveCfg = Debug|Any CPU
		{8675394E-04B0-470F-97DD-E28190BEAB6C}.Debug|Any CPU.Build.0 = Debug|Any CPU
		{8675394E-04B0-470F-97DD-E28190BEAB6C}.Debug|x64.ActiveCfg = Debug|Any CPU
		{8675394E-04B0-470F-97DD-E28190BEAB6C}.Debug|x64.Build.0 = Debug|Any CPU
		{8675394E-04B0-470F-97DD-E28190BEAB6C}.Debug|x86.ActiveCfg = Debug|Any CPU
		{8675394E-04B0-470F-97DD-E28190BEAB6C}.Debug|x86.Build.0 = Debug|Any CPU
		{8675394E-04B0-470F-97DD-E28190BEAB6C}.Release|Any CPU.ActiveCfg = Release|Any CPU
		{8675394E-04B0-470F-97DD-E28190BEAB6C}.Release|Any CPU.Build.0 = Release|Any CPU
		{8675394E-04B0-470F-97DD-E28190BEAB6C}.Release|x64.ActiveCfg = Release|Any CPU
		{8675394E-04B0-470F-97DD-E28190BEAB6C}.Release|x64.Build.0 = Release|Any CPU
		{8675394E-04B0-470F-97DD-E28190BEAB6C}.Release|x86.ActiveCfg = Release|Any CPU
		{8675394E-04B0-470F-97DD-E28190BEAB6C}.Release|x86.Build.0 = Release|Any CPU
		{E0AFB302-9F88-4840-9410-6D7264F068D9}.Debug|Any CPU.ActiveCfg = Debug|Any CPU
		{E0AFB302-9F88-4840-9410-6D7264F068D9}.Debug|Any CPU.Build.0 = Debug|Any CPU
		{E0AFB302-9F88-4840-9410-6D7264F068D9}.Debug|x64.ActiveCfg = Debug|Any CPU
		{E0AFB302-9F88-4840-9410-6D7264F068D9}.Debug|x64.Build.0 = Debug|Any CPU
		{E0AFB302-9F88-4840-9410-6D7264F068D9}.Debug|x86.ActiveCfg = Debug|Any CPU
		{E0AFB302-9F88-4840-9410-6D7264F068D9}.Debug|x86.Build.0 = Debug|Any CPU
		{E0AFB302-9F88-4840-9410-6D7264F068D9}.Release|Any CPU.ActiveCfg = Debug|Any CPU
		{E0AFB302-9F88-4840-9410-6D7264F068D9}.Release|Any CPU.Build.0 = Debug|Any CPU
		{E0AFB302-9F88-4840-9410-6D7264F068D9}.Release|x64.ActiveCfg = Debug|Any CPU
		{E0AFB302-9F88-4840-9410-6D7264F068D9}.Release|x64.Build.0 = Debug|Any CPU
		{E0AFB302-9F88-4840-9410-6D7264F068D9}.Release|x86.ActiveCfg = Debug|Any CPU
		{E0AFB302-9F88-4840-9410-6D7264F068D9}.Release|x86.Build.0 = Debug|Any CPU
		{4C9797A1-FD75-4409-8B85-7478AA8E8B62}.Debug|Any CPU.ActiveCfg = Debug|Any CPU
		{4C9797A1-FD75-4409-8B85-7478AA8E8B62}.Debug|Any CPU.Build.0 = Debug|Any CPU
		{4C9797A1-FD75-4409-8B85-7478AA8E8B62}.Debug|x64.ActiveCfg = Debug|Any CPU
		{4C9797A1-FD75-4409-8B85-7478AA8E8B62}.Debug|x64.Build.0 = Debug|Any CPU
		{4C9797A1-FD75-4409-8B85-7478AA8E8B62}.Debug|x86.ActiveCfg = Debug|Any CPU
		{4C9797A1-FD75-4409-8B85-7478AA8E8B62}.Debug|x86.Build.0 = Debug|Any CPU
		{4C9797A1-FD75-4409-8B85-7478AA8E8B62}.Release|Any CPU.ActiveCfg = Release|Any CPU
		{4C9797A1-FD75-4409-8B85-7478AA8E8B62}.Release|Any CPU.Build.0 = Release|Any CPU
		{4C9797A1-FD75-4409-8B85-7478AA8E8B62}.Release|x64.ActiveCfg = Release|Any CPU
		{4C9797A1-FD75-4409-8B85-7478AA8E8B62}.Release|x64.Build.0 = Release|Any CPU
		{4C9797A1-FD75-4409-8B85-7478AA8E8B62}.Release|x86.ActiveCfg = Release|Any CPU
		{4C9797A1-FD75-4409-8B85-7478AA8E8B62}.Release|x86.Build.0 = Release|Any CPU
		{46191233-3D0E-4170-891E-F935B322D706}.Debug|Any CPU.ActiveCfg = Debug|Any CPU
		{46191233-3D0E-4170-891E-F935B322D706}.Debug|Any CPU.Build.0 = Debug|Any CPU
		{46191233-3D0E-4170-891E-F935B322D706}.Debug|x64.ActiveCfg = Debug|Any CPU
		{46191233-3D0E-4170-891E-F935B322D706}.Debug|x64.Build.0 = Debug|Any CPU
		{46191233-3D0E-4170-891E-F935B322D706}.Debug|x86.ActiveCfg = Debug|Any CPU
		{46191233-3D0E-4170-891E-F935B322D706}.Debug|x86.Build.0 = Debug|Any CPU
		{46191233-3D0E-4170-891E-F935B322D706}.Release|Any CPU.ActiveCfg = Release|Any CPU
		{46191233-3D0E-4170-891E-F935B322D706}.Release|Any CPU.Build.0 = Release|Any CPU
		{46191233-3D0E-4170-891E-F935B322D706}.Release|x64.ActiveCfg = Release|Any CPU
		{46191233-3D0E-4170-891E-F935B322D706}.Release|x64.Build.0 = Release|Any CPU
		{46191233-3D0E-4170-891E-F935B322D706}.Release|x86.ActiveCfg = Release|Any CPU
		{46191233-3D0E-4170-891E-F935B322D706}.Release|x86.Build.0 = Release|Any CPU
		{27367B19-C4A4-424D-8FD7-FBD31883993C}.Debug|Any CPU.ActiveCfg = Debug|x86
		{27367B19-C4A4-424D-8FD7-FBD31883993C}.Debug|x64.ActiveCfg = Debug|x86
		{27367B19-C4A4-424D-8FD7-FBD31883993C}.Debug|x86.ActiveCfg = Debug|x86
		{27367B19-C4A4-424D-8FD7-FBD31883993C}.Debug|x86.Build.0 = Debug|x86
		{27367B19-C4A4-424D-8FD7-FBD31883993C}.Release|Any CPU.ActiveCfg = Release|x86
		{27367B19-C4A4-424D-8FD7-FBD31883993C}.Release|x64.ActiveCfg = Release|x86
		{27367B19-C4A4-424D-8FD7-FBD31883993C}.Release|x86.ActiveCfg = Release|x86
		{27367B19-C4A4-424D-8FD7-FBD31883993C}.Release|x86.Build.0 = Release|x86
		{5B661EFD-EE0D-4323-9540-F7ABC0AA017E}.Debug|Any CPU.ActiveCfg = Debug|x64
		{5B661EFD-EE0D-4323-9540-F7ABC0AA017E}.Debug|x64.ActiveCfg = Debug|x64
		{5B661EFD-EE0D-4323-9540-F7ABC0AA017E}.Debug|x64.Build.0 = Debug|x64
		{5B661EFD-EE0D-4323-9540-F7ABC0AA017E}.Debug|x86.ActiveCfg = Debug|x86
		{5B661EFD-EE0D-4323-9540-F7ABC0AA017E}.Debug|x86.Build.0 = Debug|x86
		{5B661EFD-EE0D-4323-9540-F7ABC0AA017E}.Release|Any CPU.ActiveCfg = Release|x86
		{5B661EFD-EE0D-4323-9540-F7ABC0AA017E}.Release|x64.ActiveCfg = Release|x64
		{5B661EFD-EE0D-4323-9540-F7ABC0AA017E}.Release|x64.Build.0 = Release|x64
		{5B661EFD-EE0D-4323-9540-F7ABC0AA017E}.Release|x86.ActiveCfg = Release|x86
		{5B661EFD-EE0D-4323-9540-F7ABC0AA017E}.Release|x86.Build.0 = Release|x86
	EndGlobalSection
	GlobalSection(SolutionProperties) = preSolution
		HideSolutionNode = FALSE
	EndGlobalSection
EndGlobal
